
Microsoft Visual Studio Solution File, Format Version 12.00
# Visual Studio 15
VisualStudioVersion = 15.0.28307.572
MinimumVisualStudioVersion = 10.0.40219.1
Project("{FAE04EC0-301F-11D3-BF4B-00C04F79EFBC}") = "Omega.Test.Web", "Omega.Test.Web\Omega.Test.Web.csproj", "{689F771A-3FCA-42F7-A61A-515DA44FEFC6}"
EndProject
Global
	GlobalSection(SolutionConfigurationPlatforms) = preSolution
		Debug|Any CPU = Debug|Any CPU
		Release|Any CPU = Release|Any CPU
	EndGlobalSection
	GlobalSection(ProjectConfigurationPlatforms) = postSolution
		{689F771A-3FCA-42F7-A61A-515DA44FEFC6}.Debug|Any CPU.ActiveCfg = Debug|Any CPU
		{689F771A-3FCA-42F7-A61A-515DA44FEFC6}.Debug|Any CPU.Build.0 = Debug|Any CPU
		{689F771A-3FCA-42F7-A61A-515DA44FEFC6}.Release|Any CPU.ActiveCfg = Release|Any CPU
		{689F771A-3FCA-42F7-A61A-515DA44FEFC6}.Release|Any CPU.Build.0 = Release|Any CPU
	EndGlobalSection
	GlobalSection(SolutionProperties) = preSolution
		HideSolutionNode = FALSE
	EndGlobalSection
	GlobalSection(ExtensibilityGlobals) = postSolution
		SolutionGuid = {4FC6B004-1608-4447-9A26-17775FC30332}
	EndGlobalSection
EndGlobal
